
Microsoft Visual Studio Solution File, Format Version 12.00
# Visual Studio 15
VisualStudioVersion = 15.0.28307.852
MinimumVisualStudioVersion = 10.0.40219.1
Project("{9A19103F-16F7-4668-BE54-9A1E7A4F7556}") = "marti-tech-demo", "marti-tech-demo\marti-tech-demo.csproj", "{BD0CBD17-4E16-44DC-884B-DE53AB81A1DA}"
EndProject
Project("{9A19103F-16F7-4668-BE54-9A1E7A4F7556}") = "Tests", "Tests\Tests.csproj", "{5A943E17-0904-4DC8-8F06-FCCF2A7DE105}"
EndProject
Global
	GlobalSection(SolutionConfigurationPlatforms) = preSolution
		Debug|Any CPU = Debug|Any CPU
		Release|Any CPU = Release|Any CPU
	EndGlobalSection
	GlobalSection(ProjectConfigurationPlatforms) = postSolution
		{BD0CBD17-4E16-44DC-884B-DE53AB81A1DA}.Debug|Any CPU.ActiveCfg = Debug|Any CPU
		{BD0CBD17-4E16-44DC-884B-DE53AB81A1DA}.Debug|Any CPU.Build.0 = Debug|Any CPU
		{BD0CBD17-4E16-44DC-884B-DE53AB81A1DA}.Release|Any CPU.ActiveCfg = Release|Any CPU
		{BD0CBD17-4E16-44DC-884B-DE53AB81A1DA}.Release|Any CPU.Build.0 = Release|Any CPU
		{5A943E17-0904-4DC8-8F06-FCCF2A7DE105}.Debug|Any CPU.ActiveCfg = Debug|Any CPU
		{5A943E17-0904-4DC8-8F06-FCCF2A7DE105}.Debug|Any CPU.Build.0 = Debug|Any CPU
		{5A943E17-0904-4DC8-8F06-FCCF2A7DE105}.Release|Any CPU.ActiveCfg = Release|Any CPU
		{5A943E17-0904-4DC8-8F06-FCCF2A7DE105}.Release|Any CPU.Build.0 = Release|Any CPU
	EndGlobalSection
	GlobalSection(SolutionProperties) = preSolution
		HideSolutionNode = FALSE
	EndGlobalSection
	GlobalSection(ExtensibilityGlobals) = postSolution
		SolutionGuid = {A51F0D64-7F4E-4077-95A9-1F27C795702E}
	EndGlobalSection
EndGlobal
